
Microsoft Visual Studio Solution File, Format Version 12.00
# Visual Studio Version 16
VisualStudioVersion = 16.0.29503.13
MinimumVisualStudioVersion = 10.0.40219.1
Project("{FAE04EC0-301F-11D3-BF4B-00C04F79EFBC}") = "OIBValidation", "OIBValidation.csproj", "{4DB4AA66-82DB-42F0-87D8-2F491B33CC19}"
EndProject
Global
	GlobalSection(SolutionConfigurationPlatforms) = preSolution
		Debug|Any CPU = Debug|Any CPU
		Release|Any CPU = Release|Any CPU
	EndGlobalSection
	GlobalSection(ProjectConfigurationPlatforms) = postSolution
		{4DB4AA66-82DB-42F0-87D8-2F491B33CC19}.Debug|Any CPU.ActiveCfg = Debug|Any CPU
		{4DB4AA66-82DB-42F0-87D8-2F491B33CC19}.Debug|Any CPU.Build.0 = Debug|Any CPU
		{4DB4AA66-82DB-42F0-87D8-2F491B33CC19}.Release|Any CPU.ActiveCfg = Release|Any CPU
		{4DB4AA66-82DB-42F0-87D8-2F491B33CC19}.Release|Any CPU.Build.0 = Release|Any CPU
	EndGlobalSection
	GlobalSection(SolutionProperties) = preSolution
		HideSolutionNode = FALSE
	EndGlobalSection
	GlobalSection(ExtensibilityGlobals) = postSolution
		SolutionGuid = {7E482C28-167B-4496-902E-5DBE1C6810D6}
	EndGlobalSection
EndGlobal
